
Microsoft Visual Studio Solution File, Format Version 12.00
# Visual Studio 15
VisualStudioVersion = 15.0.27703.2000
MinimumVisualStudioVersion = 10.0.40219.1
Project("{FAE04EC0-301F-11D3-BF4B-00C04F79EFBC}") = "VGG", "VGG\VGG.csproj", "{069B1AC3-1463-4064-8C5C-BCC3E9A4E49B}"
EndProject
Global
	GlobalSection(SolutionConfigurationPlatforms) = preSolution
		Debug|Any CPU = Debug|Any CPU
		Release|Any CPU = Release|Any CPU
	EndGlobalSection
	GlobalSection(ProjectConfigurationPlatforms) = postSolution
		{069B1AC3-1463-4064-8C5C-BCC3E9A4E49B}.Debug|Any CPU.ActiveCfg = Debug|Any CPU
		{069B1AC3-1463-4064-8C5C-BCC3E9A4E49B}.Debug|Any CPU.Build.0 = Debug|Any CPU
		{069B1AC3-1463-4064-8C5C-BCC3E9A4E49B}.Release|Any CPU.ActiveCfg = Release|Any CPU
		{069B1AC3-1463-4064-8C5C-BCC3E9A4E49B}.Release|Any CPU.Build.0 = Release|Any CPU
	EndGlobalSection
	GlobalSection(SolutionProperties) = preSolution
		HideSolutionNode = FALSE
	EndGlobalSection
	GlobalSection(ExtensibilityGlobals) = postSolution
		SolutionGuid = {AE93627B-915C-4B08-90D6-48F338B19EF3}
	EndGlobalSection
EndGlobal
